lockVersion: 2.0.0
id: 53420dbc-1a87-4ef8-bdf7-d69749a70a13
management:
  docChecksum: 0677d24228ff88d6a1ecaa2241f58cc0
  docVersion: 3.0.0
  speakeasyVersion: 1.441.0
  generationVersion: 2.460.1
  releaseVersion: 0.1.2
  configChecksum: 6b53a8cedc5e4e6b414e477205d0b573
  installationURL: https://github.com/speakeasy-sdks/pushpress-typescript-sdk
features:
  typescript:
    additionalDependencies: 0.1.0
    additionalProperties: 0.1.1
    constsAndDefaults: 0.1.11
    core: 3.18.5
    defaultEnabledRetries: 0.1.0
    devContainers: 2.90.0
    enumUnions: 0.1.0
    envVarSecurityUsage: 0.1.2
    globalSecurity: 2.82.11
    globalSecurityCallbacks: 0.1.0
    globalSecurityFlattening: 0.1.0
    globalServerURLs: 2.82.4
    globals: 2.82.1
    groups: 2.81.2
    hiddenGlobals: 0.1.0
    nameOverrides: 2.81.2
    nullables: 0.1.0
    operationTimeout: 0.2.0
    pagination: 2.82.7
    responseFormat: 0.2.3
    retries: 2.83.0
    sdkHooks: 0.2.0
    serverIDs: 2.81.2
    tests: 0.7.0
    unions: 2.85.8
    webhooks: 1.0.0
generatedFiles:
  - .devcontainer/README.md
  - .devcontainer/devcontainer.json
  - .devcontainer/setup.sh
  - .eslintrc.cjs
  - .gitattributes
  - .npmignore
  - CONTRIBUTING.md
  - FUNCTIONS.md
  - RUNTIMES.md
  - USAGE.md
  - docs/lib/utils/retryconfig.md
  - docs/models/components/apikey.md
  - docs/models/components/app.md
  - docs/models/components/appinstall.md
  - docs/models/components/appointmentcheckin.md
  - docs/models/components/checkin.md
  - docs/models/components/classcheckin.md
  - docs/models/components/classcheckintype.md
  - docs/models/components/company.md
  - docs/models/components/customer.md
  - docs/models/components/details.md
  - docs/models/components/eventcheckin.md
  - docs/models/components/eventcheckintype.md
  - docs/models/components/security.md
  - docs/models/components/type.md
  - docs/models/components/webhook.md
  - docs/models/errors/badrequest.md
  - docs/models/errors/internalservererror.md
  - docs/models/errors/notfound.md
  - docs/models/errors/ratelimited.md
  - docs/models/errors/timeout.md
  - docs/models/errors/unauthorized.md
  - docs/models/operations/createapikeyglobals.md
  - docs/models/operations/createapikeyrequestbody.md
  - docs/models/operations/createwebhookglobals.md
  - docs/models/operations/createwebhookrequestbody.md
  - docs/models/operations/deleteapikeyrequest.md
  - docs/models/operations/deleteappinstallglobals.md
  - docs/models/operations/deleteappinstallrequest.md
  - docs/models/operations/deletewebhookglobals.md
  - docs/models/operations/deletewebhookrequest.md
  - docs/models/operations/deletewebhookresponsebody.md
  - docs/models/operations/getapikeyrequest.md
  - docs/models/operations/getappinstallglobals.md
  - docs/models/operations/getappinstallrequest.md
  - docs/models/operations/getapprequest.md
  - docs/models/operations/getcheckinglobals.md
  - docs/models/operations/getcheckinrequest.md
  - docs/models/operations/getcompanyglobals.md
  - docs/models/operations/getcompanyrequest.md
  - docs/models/operations/getcustomerglobals.md
  - docs/models/operations/getcustomerrequest.md
  - docs/models/operations/getwebhookglobals.md
  - docs/models/operations/getwebhookrequest.md
  - docs/models/operations/installappglobals.md
  - docs/models/operations/installapprequest.md
  - docs/models/operations/installapprequestbody.md
  - docs/models/operations/listappinstallsglobals.md
  - docs/models/operations/listappinstallsrequest.md
  - docs/models/operations/listappinstallsresponse.md
  - docs/models/operations/listappinstallsresponsebody.md
  - docs/models/operations/listcheckinsglobals.md
  - docs/models/operations/listcheckinsrequest.md
  - docs/models/operations/listcheckinsresponse.md
  - docs/models/operations/listcheckinsresponsebody.md
  - docs/models/operations/listcustomersglobals.md
  - docs/models/operations/listcustomersrequest.md
  - docs/models/operations/listcustomersresponse.md
  - docs/models/operations/listcustomersresponsebody.md
  - docs/models/operations/listwebhooksglobals.md
  - docs/models/operations/listwebhooksrequest.md
  - docs/models/operations/revokeapikeyrequest.md
  - docs/models/operations/sendemailglobals.md
  - docs/models/operations/sendemailrequestbody.md
  - docs/models/operations/sendpingglobals.md
  - docs/models/operations/sendpingrequestbody.md
  - docs/models/operations/sendpushglobals.md
  - docs/models/operations/sendpushrequestbody.md
  - docs/models/operations/uninstallappglobals.md
  - docs/models/operations/uninstallapprequest.md
  - docs/models/operations/updatewebhookglobals.md
  - docs/models/operations/updatewebhookrequest.md
  - docs/models/webhooks/checkincreatedeventeventtype.md
  - docs/models/webhooks/checkincreatedeventrequestbody.md
  - docs/models/webhooks/checkindeletedeventeventtype.md
  - docs/models/webhooks/checkindeletedeventrequestbody.md
  - docs/models/webhooks/checkinupdatedeventeventtype.md
  - docs/models/webhooks/checkinupdatedeventrequestbody.md
  - docs/models/webhooks/customercreatedeventrequestbody.md
  - docs/models/webhooks/customerdeletedeventeventtype.md
  - docs/models/webhooks/customerdeletedeventrequestbody.md
  - docs/models/webhooks/customerupdatedeventeventtype.md
  - docs/models/webhooks/customerupdatedeventrequestbody.md
  - docs/models/webhooks/eventtype.md
  - docs/sdks/apikeys/README.md
  - docs/sdks/apps/README.md
  - docs/sdks/checkins/README.md
  - docs/sdks/companies/README.md
  - docs/sdks/customers/README.md
  - docs/sdks/email/README.md
  - docs/sdks/installs/README.md
  - docs/sdks/keys/README.md
  - docs/sdks/messages/README.md
  - docs/sdks/notifications/README.md
  - docs/sdks/push/README.md
  - docs/sdks/pushpress/README.md
  - docs/sdks/webhooks/README.md
  - jsr.json
  - package.json
  - src/core.ts
  - src/funcs/apiKeysDelete.ts
  - src/funcs/apiKeysRevoke.ts
  - src/funcs/appsGet.ts
  - src/funcs/appsInstall.ts
  - src/funcs/appsInstallsGet.ts
  - src/funcs/appsInstallsHardDelete.ts
  - src/funcs/appsInstallsList.ts
  - src/funcs/appsInstallsUninstall.ts
  - src/funcs/appsList.ts
  - src/funcs/checkinsGet.ts
  - src/funcs/checkinsList.ts
  - src/funcs/companiesGet.ts
  - src/funcs/customersGet.ts
  - src/funcs/customersList.ts
  - src/funcs/keysCreate.ts
  - src/funcs/keysGet.ts
  - src/funcs/keysList.ts
  - src/funcs/messagesEmailSend.ts
  - src/funcs/messagesNotificationsSendPing.ts
  - src/funcs/messagesPushSend.ts
  - src/funcs/webhooksCreate.ts
  - src/funcs/webhooksDelete.ts
  - src/funcs/webhooksGet.ts
  - src/funcs/webhooksList.ts
  - src/funcs/webhooksUpdate.ts
  - src/hooks/hooks.ts
  - src/hooks/types.ts
  - src/index.ts
  - src/lib/base64.ts
  - src/lib/config.ts
  - src/lib/dlv.ts
  - src/lib/encodings.ts
  - src/lib/env.ts
  - src/lib/files.ts
  - src/lib/http.ts
  - src/lib/is-plain-object.ts
  - src/lib/logger.ts
  - src/lib/matchers.ts
  - src/lib/primitives.ts
  - src/lib/retries.ts
  - src/lib/schemas.ts
  - src/lib/sdks.ts
  - src/lib/security.ts
  - src/lib/url.ts
  - src/models/components/apikey.ts
  - src/models/components/app.ts
  - src/models/components/appinstall.ts
  - src/models/components/appointmentcheckin.ts
  - src/models/components/checkin.ts
  - src/models/components/classcheckin.ts
  - src/models/components/company.ts
  - src/models/components/customer.ts
  - src/models/components/eventcheckin.ts
  - src/models/components/security.ts
  - src/models/components/webhook.ts
  - src/models/errors/apierror.ts
  - src/models/errors/badrequest.ts
  - src/models/errors/httpclienterrors.ts
  - src/models/errors/internalservererror.ts
  - src/models/errors/notfound.ts
  - src/models/errors/ratelimited.ts
  - src/models/errors/sdkvalidationerror.ts
  - src/models/errors/timeout.ts
  - src/models/errors/unauthorized.ts
  - src/models/operations/createapikey.ts
  - src/models/operations/createwebhook.ts
  - src/models/operations/deleteapikey.ts
  - src/models/operations/deleteappinstall.ts
  - src/models/operations/deletewebhook.ts
  - src/models/operations/getapikey.ts
  - src/models/operations/getapp.ts
  - src/models/operations/getappinstall.ts
  - src/models/operations/getcheckin.ts
  - src/models/operations/getcompany.ts
  - src/models/operations/getcustomer.ts
  - src/models/operations/getwebhook.ts
  - src/models/operations/installapp.ts
  - src/models/operations/listappinstalls.ts
  - src/models/operations/listcheckins.ts
  - src/models/operations/listcustomers.ts
  - src/models/operations/listwebhooks.ts
  - src/models/operations/revokeapikey.ts
  - src/models/operations/sendemail.ts
  - src/models/operations/sendping.ts
  - src/models/operations/sendpush.ts
  - src/models/operations/uninstallapp.ts
  - src/models/operations/updatewebhook.ts
  - src/models/webhooks/checkincreatedevent.ts
  - src/models/webhooks/checkindeletedevent.ts
  - src/models/webhooks/checkinupdatedevent.ts
  - src/models/webhooks/customercreatedevent.ts
  - src/models/webhooks/customerdeletedevent.ts
  - src/models/webhooks/customerupdatedevent.ts
  - src/sdk/apikeys.ts
  - src/sdk/apps.ts
  - src/sdk/checkins.ts
  - src/sdk/companies.ts
  - src/sdk/customers.ts
  - src/sdk/email.ts
  - src/sdk/installs.ts
  - src/sdk/keys.ts
  - src/sdk/messages.ts
  - src/sdk/notifications.ts
  - src/sdk/push.ts
  - src/sdk/sdk.ts
  - src/sdk/webhooks.ts
  - src/types/blobs.ts
  - src/types/constdatetime.ts
  - src/types/enums.ts
  - src/types/fp.ts
  - src/types/operations.ts
  - src/types/rfcdate.ts
  - src/types/streams.ts
  - tsconfig.json
examples:
  listApps:
    speakeasy-default-list-apps:
      responses:
        "200":
          application/json: [{"id": "8a232aa0-b11b-48a0-8057-1e9e705d0e6e", "name": "<value>", "created": "2022-03-24T06:20:14.879Z", "updated": "2024-09-10T04:30:13.188Z"}, {"id": "2766718d-6d46-412e-80ae-e1b9ddf121dc", "name": "<value>", "created": "2023-12-29T19:56:44.465Z", "updated": "2022-11-08T21:35:05.868Z"}, {"id": "c8104fb4-51a7-40cf-8c8f-e07fbc60ab96", "name": "<value>", "created": "2024-06-28T00:46:13.804Z", "updated": "2022-12-27T23:30:11.053Z"}]
        "400":
          application/json: {"key": "<value>", "key1": "<value>", "key2": "<value>"}
        "401":
          application/json: {"key": "<value>", "key1": "<value>"}
        "404":
          application/json: {"key": "<value>", "key1": "<value>"}
        "408":
          application/json: {"key": "<value>", "key1": "<value>", "key2": "<value>"}
        "429":
          application/json: {"key": "<value>", "key1": "<value>"}
        "500":
          application/json: {"key": "<value>", "key1": "<value>"}
  getApp:
    speakeasy-default-get-app:
      parameters:
        path:
          app_id: "<id>"
      responses:
        "200":
          application/json: {"id": "b888f774-3e7c-4135-a18c-6b985523c4bc", "name": "<value>", "created": "2024-09-23T09:26:26.647Z", "updated": "2022-12-22T20:41:29.028Z"}
        "400":
          application/json: {"key": "<value>", "key1": "<value>"}
        "401":
          application/json: {"key": "<value>", "key1": "<value>"}
        "404":
          application/json: {"key": "<value>", "key1": "<value>"}
        "408":
          application/json: {"key": "<value>", "key1": "<value>"}
        "429":
          application/json: {"key": "<value>", "key1": "<value>", "key2": "<value>"}
        "500":
          application/json: {"key": "<value>"}
  installApp:
    speakeasy-default-install-app:
      parameters:
        path:
          app_id: "<id>"
        header: {}
      requestBody:
        application/json: {"company": "Hirthe and Sons"}
      responses:
        "400":
          application/json: {"key": "<value>"}
        "401":
          application/json: {"key": "<value>"}
        "404":
          application/json: {"key": "<value>", "key1": "<value>", "key2": "<value>"}
        "408":
          application/json: {"key": "<value>"}
        "429":
          application/json: {"key": "<value>", "key1": "<value>"}
        "500":
          application/json: {"key": "<value>", "key1": "<value>", "key2": "<value>"}
  uninstallApp:
    speakeasy-default-uninstall-app:
      parameters:
        path:
          app_id: "<id>"
          install_id: "<id>"
        header: {}
      responses:
        "204":
          application/json: {"id": "b7c49b88-93d0-4ded-bf32-cfb3d44b19db", "app": "5bbc12bf-c966-428f-ba9e-b6862103a23f", "company": "34e98ee2-10cd-4efc-ab73-b7dc20600fe3", "status": "<value>", "installed": "2022-03-27T13:04:09.138Z"}
        "400":
          application/json: {"key": "<value>", "key1": "<value>"}
        "401":
          application/json: {"key": "<value>"}
        "404":
          application/json: {"key": "<value>", "key1": "<value>", "key2": "<value>"}
        "408":
          application/json: {"key": "<value>"}
        "429":
          application/json: {"key": "<value>", "key1": "<value>"}
        "500":
          application/json: {"key": "<value>", "key1": "<value>"}
  deleteAppInstall:
    speakeasy-default-delete-app-install:
      parameters:
        path:
          app_id: "<id>"
          install_id: "<id>"
        header: {}
      responses:
        "204":
          application/json: {"id": "8b6fe91a-a0b1-4b3e-ab7b-e83a32f2399e", "app": "7aa10743-a04f-44af-84fe-b54259caa1ba", "company": "7460ea4f-91d0-4d6c-80a7-ebf643773e38", "status": "<value>", "installed": "2024-11-02T21:25:46.641Z"}
        "400":
          application/json: {"key": "<value>", "key1": "<value>"}
        "401":
          application/json: {"key": "<value>"}
        "404":
          application/json: {"key": "<value>", "key1": "<value>", "key2": "<value>"}
        "408":
          application/json: {"key": "<value>", "key1": "<value>"}
        "429":
          application/json: {"key": "<value>"}
        "500":
          application/json: {"key": "<value>"}
  listAppInstalls:
    speakeasy-default-list-app-installs:
      parameters:
        path:
          app_id: "<id>"
        query: {}
        header: {}
      responses:
        "200":
          application/json: {"data": [{"id": "8a232aa0-b11b-48a0-8057-1e9e705d0e6e", "app": "1e276671-8d6d-4461-b2e0-aee1b9ddf121", "company": "c2a4c810-4fb4-451a-a70c-fc8fe07fbc60", "status": "<value>", "installed": "2024-01-25T21:46:28.752Z"}, {"id": "960d5611-ff65-473e-90a6-2331ad7c07cc", "app": "81991696-ebd8-434b-b7d8-c2236e085944", "company": "bceb27bd-4753-4d0a-917c-478e329a9ec9", "status": "<value>", "installed": "2023-09-29T09:08:13.966Z"}, {"id": "38e1a630-f5fe-4368-8082-fa02e0874e78", "app": "07648ec2-ed7f-4303-b9de-c6f45d97b2c5", "company": "7f7bcfa2-69af-4219-84d5-861b3fe5754c", "status": "<value>", "installed": "2024-05-10T21:17:41.688Z"}]}
        "400":
          application/json: {"key": "<value>", "key1": "<value>", "key2": "<value>"}
        "401":
          application/json: {"key": "<value>", "key1": "<value>"}
        "404":
          application/json: {"key": "<value>", "key1": "<value>"}
        "408":
          application/json: {"key": "<value>", "key1": "<value>", "key2": "<value>"}
        "429":
          application/json: {"key": "<value>", "key1": "<value>"}
        "500":
          application/json: {"key": "<value>", "key1": "<value>"}
  getAppInstall:
    speakeasy-default-get-app-install:
      parameters:
        path:
          app_id: "<id>"
          install_id: "<id>"
        header: {}
      responses:
        "200":
          application/json: {"id": "b888f774-3e7c-4135-a18c-6b985523c4bc", "app": "e50f7622-81da-484b-9c66-1c8a99c6b71b", "company": "ecd62b8f-7112-4aaf-90ab-4e43b4cca371", "status": "<value>", "installed": "2024-11-03T02:18:54.211Z"}
        "400":
          application/json: {"key": "<value>", "key1": "<value>"}
        "401":
          application/json: {"key": "<value>", "key1": "<value>"}
        "404":
          application/json: {"key": "<value>", "key1": "<value>"}
        "408":
          application/json: {"key": "<value>", "key1": "<value>"}
        "429":
          application/json: {"key": "<value>", "key1": "<value>", "key2": "<value>"}
        "500":
          application/json: {"key": "<value>"}
  createApiKey:
    speakeasy-default-create-api-key:
      requestBody:
        application/json: {"company": "Nienow Inc"}
      responses:
        "401":
          application/json: {"key": "<value>"}
        "404":
          application/json: {"key": "<value>", "key1": "<value>"}
        "408":
          application/json: {"key": "<value>"}
        "413":
          application/json: {"key": "<value>"}
        "429":
          application/json: {"key": "<value>", "key1": "<value>"}
        "500":
          application/json: {"key": "<value>", "key1": "<value>", "key2": "<value>"}
  listApiKeys:
    speakeasy-default-list-api-keys:
      responses:
        "200":
          application/json: {"keyUuid": "key_asdfghjklqwertyuiop", "apiKey": "sk_zyxvutsrqponmlkjihgfedcba", "clientUuid": "client_asdfghjklqwertyuiop", "name": "My API Key", "description": "Additional description to add context to the key", "createdAt": 1577836800000}
        "401":
          application/json: {"key": "<value>", "key1": "<value>", "key2": "<value>"}
        "404":
          application/json: {"key": "<value>", "key1": "<value>"}
        "408":
          application/json: {"key": "<value>", "key1": "<value>"}
        "413":
          application/json: {"key": "<value>", "key1": "<value>", "key2": "<value>"}
        "429":
          application/json: {"key": "<value>", "key1": "<value>"}
        "500":
          application/json: {"key": "<value>", "key1": "<value>"}
  revokeApiKey:
    speakeasy-default-revoke-api-key:
      parameters:
        path:
          key_id: "<id>"
      responses:
        "401":
          application/json: {"key": "<value>", "key1": "<value>", "key2": "<value>"}
        "404":
          application/json: {"key": "<value>", "key1": "<value>", "key2": "<value>"}
        "408":
          application/json: {"key": "<value>", "key1": "<value>", "key2": "<value>"}
        "413": {}
        "429":
          application/json: {"key": "<value>", "key1": "<value>", "key2": "<value>"}
        "500":
          application/json: {"key": "<value>", "key1": "<value>"}
  deleteApiKey:
    speakeasy-default-delete-api-key:
      parameters:
        path:
          key_id: "<id>"
      responses:
        "401":
          application/json: {"key": "<value>", "key1": "<value>"}
        "404":
          application/json: {"key": "<value>", "key1": "<value>"}
        "408":
          application/json: {"key": "<value>"}
        "413":
          application/json: {"key": "<value>", "key1": "<value>", "key2": "<value>"}
        "429":
          application/json: {"key": "<value>", "key1": "<value>", "key2": "<value>"}
        "500":
          application/json: {"key": "<value>", "key1": "<value>"}
  getApiKey:
    speakeasy-default-get-api-key:
      parameters:
        path:
          key_id: "<id>"
      responses:
        "200":
          application/json: {"keyUuid": "key_asdfghjklqwertyuiop", "apiKey": "sk_zyxvutsrqponmlkjihgfedcba", "clientUuid": "client_asdfghjklqwertyuiop", "name": "My API Key", "description": "Additional description to add context to the key", "createdAt": 1577836800000}
        "400":
          application/json: {"key": "<value>", "key1": "<value>"}
        "401":
          application/json: {"key": "<value>", "key1": "<value>"}
        "404":
          application/json: {"key": "<value>", "key1": "<value>"}
        "408":
          application/json: {"key": "<value>", "key1": "<value>"}
        "429":
          application/json: {"key": "<value>", "key1": "<value>", "key2": "<value>"}
        "500":
          application/json: {"key": "<value>"}
  sendEmail:
    speakeasy-default-send-email:
      requestBody:
        application/json: {"to": "Isobel_Brakus@yahoo.com", "subject": "<value>", "body": "<value>", "from": "Fern47@yahoo.com"}
      responses:
        "401":
          application/json: {"key": "<value>", "key1": "<value>"}
        "404":
          application/json: {"key": "<value>"}
        "408":
          application/json: {"key": "<value>", "key1": "<value>"}
        "413":
          application/json: {"key": "<value>", "key1": "<value>"}
        "429":
          application/json: {"key": "<value>", "key1": "<value>"}
        "500":
          application/json: {"key": "<value>"}
  sendPing:
    speakeasy-default-send-ping:
      requestBody:
        application/json: {"channel": "<value>", "message": "<value>"}
      responses:
        "401":
          application/json: {"key": "<value>", "key1": "<value>", "key2": "<value>"}
        "404":
          application/json: {"key": "<value>", "key1": "<value>", "key2": "<value>"}
        "408":
          application/json: {"key": "<value>", "key1": "<value>", "key2": "<value>"}
        "413":
          application/json: {"key": "<value>"}
        "429":
          application/json: {"key": "<value>", "key1": "<value>", "key2": "<value>"}
        "500":
          application/json: {"key": "<value>", "key1": "<value>", "key2": "<value>"}
  sendPush:
    speakeasy-default-send-push:
      requestBody:
        application/json: {"device_tokens": ["<value>", "<value>"], "title": "<value>", "body": "<value>"}
      responses:
        "401":
          application/json: {"key": "<value>", "key1": "<value>"}
        "404":
          application/json: {"key": "<value>"}
        "408":
          application/json: {"key": "<value>", "key1": "<value>"}
        "413":
          application/json: {"key": "<value>", "key1": "<value>"}
        "429":
          application/json: {"key": "<value>", "key1": "<value>"}
        "500":
          application/json: {"key": "<value>"}
  getCompany:
    speakeasy-default-get-company:
      responses:
        "200":
          application/json: {"id": "client_1234", "name": "Acme Corp", "subdomain": "acme", "defaultTimezone": "America/Los_Angeles", "phone": "+1-800-555-1234", "email": "info@acme.com", "url": "https://www.acme.com"}
        "400":
          application/json: {"key": "<value>", "key1": "<value>"}
        "401":
          application/json: {"key": "<value>", "key1": "<value>"}
        "404":
          application/json: {"key": "<value>", "key1": "<value>"}
        "408":
          application/json: {"key": "<value>", "key1": "<value>"}
        "429":
          application/json: {"key": "<value>", "key1": "<value>", "key2": "<value>"}
        "500":
          application/json: {"key": "<value>"}
  listCustomers:
    speakeasy-default-list-customers:
      responses:
        "200":
          application/json: {"data": [{"id": "usr_1234", "name": "John Doe", "address": "123 Main St, Anytown, USA", "profileImage": "https://example.com/profile.jpg", "email": "john.doe@example.com", "phone": "+1-800-555-1234"}]}
        "400":
          application/json: {"key": "<value>", "key1": "<value>", "key2": "<value>"}
        "401":
          application/json: {"key": "<value>", "key1": "<value>"}
        "404":
          application/json: {"key": "<value>", "key1": "<value>"}
        "408":
          application/json: {"key": "<value>", "key1": "<value>", "key2": "<value>"}
        "429":
          application/json: {"key": "<value>", "key1": "<value>"}
        "500":
          application/json: {"key": "<value>", "key1": "<value>"}
  getCustomer:
    speakeasy-default-get-customer:
      parameters:
        path:
          id: "<id>"
        header: {}
      responses:
        "200":
          application/json: {"id": "usr_1234", "name": "John Doe", "address": "123 Main St, Anytown, USA", "profileImage": "https://example.com/profile.jpg", "email": "john.doe@example.com", "phone": "+1-800-555-1234"}
        "400":
          application/json: {"key": "<value>", "key1": "<value>"}
        "401":
          application/json: {"key": "<value>", "key1": "<value>"}
        "404":
          application/json: {"key": "<value>", "key1": "<value>"}
        "408":
          application/json: {"key": "<value>", "key1": "<value>"}
        "429":
          application/json: {"key": "<value>", "key1": "<value>", "key2": "<value>"}
        "500":
          application/json: {"key": "<value>"}
  listCheckins:
    speakeasy-default-list-checkins:
      responses:
        "200":
          application/json: {"data": [{"details": {"id": "<id>", "name": "<value>", "type": "ClassCheckin", "classType": "<value>"}, "checkinTime": 678317, "customer": "<value>", "company": "Fay - Cremin", "name": "<value>"}, {"details": {"id": "<id>", "name": "<value>", "type": "ClassCheckin", "classType": "<value>"}, "checkinTime": 639387, "customer": "<value>", "company": "Raynor - Bogan", "name": "<value>"}, {"details": {"id": "<id>", "name": "<value>", "type": "AppointmentCheckin", "appointmentType": "<value>"}, "checkinTime": 687960, "customer": "<value>", "company": "Nader Group", "name": "<value>"}]}
        "400":
          application/json: {"key": "<value>", "key1": "<value>", "key2": "<value>"}
        "401":
          application/json: {"key": "<value>", "key1": "<value>"}
        "404":
          application/json: {"key": "<value>", "key1": "<value>"}
        "408":
          application/json: {"key": "<value>", "key1": "<value>", "key2": "<value>"}
        "429":
          application/json: {"key": "<value>", "key1": "<value>"}
        "500":
          application/json: {"key": "<value>", "key1": "<value>"}
  getCheckin:
    speakeasy-default-get-checkin:
      parameters:
        path:
          id: "<id>"
        header: {}
      responses:
        "200":
          application/json: {"details": {"name": "<value>", "type": "EventCheckin", "eventType": "<value>"}, "checkinTime": 558834, "customer": "<value>", "company": "Lebsack and Sons", "name": "<value>"}
        "400":
          application/json: {"key": "<value>", "key1": "<value>"}
        "401":
          application/json: {"key": "<value>", "key1": "<value>"}
        "404":
          application/json: {"key": "<value>", "key1": "<value>"}
        "408":
          application/json: {"key": "<value>", "key1": "<value>"}
        "429":
          application/json: {"key": "<value>", "key1": "<value>", "key2": "<value>"}
        "500":
          application/json: {"key": "<value>"}
  createWebhook:
    speakeasy-default-create-webhook:
      requestBody:
        application/json: {"url": "https://your-webhook-url.com", "events": ["event_1", "event_2"]}
      responses:
        "200":
          application/json: {"id": "UUID", "url": "https://new-webhook-url.com", "events": ["event_3", "event_4"], "created": "4865.89", "updated": "6384.24", "company": "Collier Group"}
        "400":
          application/json: {"key": "<value>"}
        "401":
          application/json: {"key": "<value>", "key1": "<value>"}
        "404":
          application/json: {"key": "<value>"}
        "408":
          application/json: {"key": "<value>"}
        "429":
          application/json: {"key": "<value>", "key1": "<value>"}
        "500":
          application/json: {"key": "<value>", "key1": "<value>", "key2": "<value>"}
  listWebhooks:
    speakeasy-default-list-webhooks:
      responses:
        "200":
          application/json: {"id": "UUID", "url": "https://new-webhook-url.com", "events": ["event_3", "event_4"], "created": "7685.78", "updated": "5472.72", "company": "Daugherty, Fay and Cremin"}
        "400":
          application/json: {"key": "<value>", "key1": "<value>", "key2": "<value>"}
        "401":
          application/json: {"key": "<value>", "key1": "<value>"}
        "404":
          application/json: {"key": "<value>", "key1": "<value>"}
        "408":
          application/json: {"key": "<value>", "key1": "<value>", "key2": "<value>"}
        "429":
          application/json: {"key": "<value>", "key1": "<value>"}
        "500":
          application/json: {"key": "<value>", "key1": "<value>"}
  getWebhook:
    speakeasy-default-get-webhook:
      parameters:
        path:
          webhook_id: "<id>"
        header: {}
      responses:
        "200":
          application/json: {"id": "UUID", "url": "https://new-webhook-url.com", "events": ["event_3", "event_4"], "created": "7003.46", "updated": "5588.34", "company": "Lebsack and Sons"}
        "400":
          application/json: {"key": "<value>", "key1": "<value>"}
        "401":
          application/json: {"key": "<value>", "key1": "<value>"}
        "404":
          application/json: {"key": "<value>", "key1": "<value>"}
        "408":
          application/json: {"key": "<value>", "key1": "<value>"}
        "429":
          application/json: {"key": "<value>", "key1": "<value>", "key2": "<value>"}
        "500":
          application/json: {"key": "<value>"}
  updateWebhook:
    speakeasy-default-update-webhook:
      parameters:
        path:
          webhook_id: "<id>"
        header: {}
      requestBody:
        application/json: "<value>"
      responses:
        "200":
          application/json: {"id": "UUID", "url": "https://new-webhook-url.com", "events": ["event_3", "event_4"], "created": "5204.28", "updated": "7657.65", "company": "Crist Inc"}
        "400":
          application/json: {"key": "<value>", "key1": "<value>", "key2": "<value>"}
        "401":
          application/json: {"key": "<value>", "key1": "<value>"}
        "404":
          application/json: {"key": "<value>"}
        "408":
          application/json: {"key": "<value>", "key1": "<value>", "key2": "<value>"}
        "429":
          application/json: {"key": "<value>", "key1": "<value>"}
        "500":
          application/json: {"key": "<value>"}
  deleteWebhook:
    speakeasy-default-delete-webhook:
      parameters:
        path:
          webhook_id: "<id>"
        header: {}
      responses:
        "400":
          application/json: {"key": "<value>", "key1": "<value>"}
        "401":
          application/json: {"key": "<value>", "key1": "<value>"}
        "404":
          application/json: {"key": "<value>"}
        "408":
          application/json: {"key": "<value>", "key1": "<value>", "key2": "<value>"}
        "429":
          application/json: {"key": "<value>", "key1": "<value>", "key2": "<value>"}
        "500":
          application/json: {"key": "<value>", "key1": "<value>"}
        "200": {}
