speakeasyVersion: 1.441.0
sources:
    pushpress-ts-OAS:
        sourceNamespace: pushpress-ts-oas
        sourceRevisionDigest: sha256:d751985045906692a5254802c001e0232a91677a90391f35f3c337823b1bb9f4
        sourceBlobDigest: sha256:fe39108aa8e79f4f9ac58682ff65c110aa7b492ab06954bb103d106f787d6b3a
        tags:
            - latest
targets:
    pushpress-ts:
        source: pushpress-ts-OAS
        sourceNamespace: pushpress-ts-oas
        sourceRevisionDigest: sha256:d751985045906692a5254802c001e0232a91677a90391f35f3c337823b1bb9f4
        sourceBlobDigest: sha256:fe39108aa8e79f4f9ac58682ff65c110aa7b492ab06954bb103d106f787d6b3a
workflow:
    workflowVersion: 1.0.0
    speakeasyVersion: latest
    sources:
        pushpress-ts-OAS:
            inputs:
                - location: ./openapi.draft.yaml
            overlays:
                - location: .speakeasy/speakeasy-modifications-overlay.yaml
                - location: .speakeasy/speakeasy-suggest-error-types.yaml
            registry:
                location: registry.speakeasyapi.dev/katrina/katrina/pushpress-ts-oas
    targets:
        pushpress-ts:
            target: typescript
            source: pushpress-ts-OAS
            codeSamples:
                registry:
                    location: registry.speakeasyapi.dev/katrina/katrina/pushpress-ts-oas-code-samples
                blocking: false
